
Microsoft Visual Studio Solution File, Format Version 12.00
# Visual Studio 2012
Project("{FAE04EC0-301F-11D3-BF4B-00C04F79EFBC}") = "DataParser", "DataParser\DataParser.csproj", "{A3302F0C-E5E0-4D94-9243-C9E1A73319B7}"
EndProject
Global
	GlobalSection(SolutionConfigurationPlatforms) = preSolution
		Debug|Any CPU = Debug|Any CPU
		Release|Any CPU = Release|Any CPU
	EndGlobalSection
	GlobalSection(ProjectConfigurationPlatforms) = postSolution
		{A3302F0C-E5E0-4D94-9243-C9E1A73319B7}.Debug|Any CPU.ActiveCfg = Debug|Any CPU
		{A3302F0C-E5E0-4D94-9243-C9E1A73319B7}.Debug|Any CPU.Build.0 = Debug|Any CPU
		{A3302F0C-E5E0-4D94-9243-C9E1A73319B7}.Release|Any CPU.ActiveCfg = Release|Any CPU
		{A3302F0C-E5E0-4D94-9243-C9E1A73319B7}.Release|Any CPU.Build.0 = Release|Any CPU
	EndGlobalSection
	GlobalSection(SolutionProperties) = preSolution
		HideSolutionNode = FALSE
	EndGlobalSection
EndGlobal
